
Microsoft Visual Studio Solution File, Format Version 12.00
# Visual Studio Version 16
VisualStudioVersion = 16.0.32802.440
MinimumVisualStudioVersion = 10.0.40219.1
Project("{FAE04EC0-301F-11D3-BF4B-00C04F79EFBC}") = "Coffee-Critique", "Coffee-Critique.csproj", "{0DB14CEB-588C-4ADB-95A4-847656908E0E}"
EndProject
Global
	GlobalSection(SolutionConfigurationPlatforms) = preSolution
		Debug|Any CPU = Debug|Any CPU
		Release|Any CPU = Release|Any CPU
	EndGlobalSection
	GlobalSection(ProjectConfigurationPlatforms) = postSolution
		{0DB14CEB-588C-4ADB-95A4-847656908E0E}.Debug|Any CPU.ActiveCfg = Debug|Any CPU
		{0DB14CEB-588C-4ADB-95A4-847656908E0E}.Debug|Any CPU.Build.0 = Debug|Any CPU
		{0DB14CEB-588C-4ADB-95A4-847656908E0E}.Release|Any CPU.ActiveCfg = Release|Any CPU
		{0DB14CEB-588C-4ADB-95A4-847656908E0E}.Release|Any CPU.Build.0 = Release|Any CPU
	EndGlobalSection
	GlobalSection(SolutionProperties) = preSolution
		HideSolutionNode = FALSE
	EndGlobalSection
	GlobalSection(ExtensibilityGlobals) = postSolution
		SolutionGuid = {E50B57AE-7C50-4470-B53A-4AEB4FBC2C2B}
	EndGlobalSection
EndGlobal
